// !$*UTF8*$!
{
	archiveVersion = 1;
	classes = {
	};
	objectVersion = 46;
	objects = {

/* Begin PBXBuildFile section */
		0207DA581B56EA530066E2B4 /* Images.xcassets in Resources */ = {isa = PBXBuildFile; fileRef = 0207DA571B56EA530066E2B4 /* Images.xcassets */; };
		0A8328DDBD254DE78ACC606D /* CDVInAppBrowser.m in Sources */ = {isa = PBXBuildFile; fileRef = 553CC10E0BF34E47934F2D98 /* CDVInAppBrowser.m */; };
		1D3623260D0F684500981E51 /* AppDelegate.m in Sources */ = {isa = PBXBuildFile; fileRef = 1D3623250D0F684500981E51 /* AppDelegate.m */; };
		1D60589B0D05DD56006BFB54 /* main.m in Sources */ = {isa = PBXBuildFile; fileRef = 29B97316FDCFA39411CA2CEA /* main.m */; };
		301BF552109A68D80062928A /* libCordova.a in Frameworks */ = {isa = PBXBuildFile; fileRef = 301BF535109A57CC0062928A /* libCordova.a */; };
		302D95F114D2391D003F00A1 /* MainViewController.m in Sources */ = {isa = PBXBuildFile; fileRef = 302D95EF14D2391D003F00A1 /* MainViewController.m */; };
		302D95F214D2391D003F00A1 /* MainViewController.xib in Resources */ = {isa = PBXBuildFile; fileRef = 302D95F014D2391D003F00A1 /* MainViewController.xib */; };
		3047A5121AB8059700498E2A /* build-debug.xcconfig in Resources */ = {isa = PBXBuildFile; fileRef = 3047A50F1AB8059700498E2A /* build-debug.xcconfig */; };
		3047A5131AB8059700498E2A /* build-release.xcconfig in Resources */ = {isa = PBXBuildFile; fileRef = 3047A5101AB8059700498E2A /* build-release.xcconfig */; };
		3047A5141AB8059700498E2A /* build.xcconfig in Resources */ = {isa = PBXBuildFile; fileRef = 3047A5111AB8059700498E2A /* build.xcconfig */; };
		3FA835A8BDBE4638B84BB4AE /* CoreLocation.framework in Frameworks */ = {isa = PBXBuildFile; fileRef = E66F7107285A4DEBB276ABCD /* CoreLocation.framework */; };
		54746577948C48728A878E5A /* CDVCamera.m in Sources */ = {isa = PBXBuildFile; fileRef = 5EEF8BD784064DA3B5C2D0EE /* CDVCamera.m */; };
		630B9438F01A4CF2BD2FBB74 /* AVFoundation.framework in Frameworks */ = {isa = PBXBuildFile; fileRef = 2AF7606FDB8B4BFF85558CA2 /* AVFoundation.framework */; };
		C4F49C4974014123923BCC46 /* IonicKeyboard.m in Sources */ = {isa = PBXBuildFile; fileRef = 337902693CF444B6B30A4EAD /* IonicKeyboard.m */; };
		C76C0233084E4A769A8A8925 /* UIImage+CropScaleOrientation.m in Sources */ = {isa = PBXBuildFile; fileRef = FEF0D6E3EC6449DAB49BE3A5 /* UIImage+CropScaleOrientation.m */; };
		D0ABD1021D4C022A00002FAD /* icon-40.png in Resources */ = {isa = PBXBuildFile; fileRef = D0ABD0E51D4C022900002FAD /* icon-40.png */; };
		D0ABD1031D4C022A00002FAD /* icon-40@2x.png in Resources */ = {isa = PBXBuildFile; fileRef = D0ABD0E61D4C022900002FAD /* icon-40@2x.png */; };
		D0ABD1041D4C022A00002FAD /* icon-50.png in Resources */ = {isa = PBXBuildFile; fileRef = D0ABD0E71D4C022900002FAD /* icon-50.png */; };
		D0ABD1051D4C022A00002FAD /* icon-50@2x.png in Resources */ = {isa = PBXBuildFile; fileRef = D0ABD0E81D4C022900002FAD /* icon-50@2x.png */; };
		D0ABD1061D4C022A00002FAD /* icon-60.png in Resources */ = {isa = PBXBuildFile; fileRef = D0ABD0E91D4C022900002FAD /* icon-60.png */; };
		D0ABD1071D4C022A00002FAD /* icon-60@2x.png in Resources */ = {isa = PBXBuildFile; fileRef = D0ABD0EA1D4C022900002FAD /* icon-60@2x.png */; };
		D0ABD1081D4C022A00002FAD /* icon-60@3x.png in Resources */ = {isa = PBXBuildFile; fileRef = D0ABD0EB1D4C022900002FAD /* icon-60@3x.png */; };
		D0ABD1091D4C022A00002FAD /* icon-72.png in Resources */ = {isa = PBXBuildFile; fileRef = D0ABD0EC1D4C022900002FAD /* icon-72.png */; };
		D0ABD10A1D4C022A00002FAD /* icon-72@2x.png in Resources */ = {isa = PBXBuildFile; fileRef = D0ABD0ED1D4C022900002FAD /* icon-72@2x.png */; };
		D0ABD10B1D4C022A00002FAD /* icon-76.png in Resources */ = {isa = PBXBuildFile; fileRef = D0ABD0EE1D4C022900002FAD /* icon-76.png */; };
		D0ABD10C1D4C022A00002FAD /* icon-76@2x.png in Resources */ = {isa = PBXBuildFile; fileRef = D0ABD0EF1D4C022900002FAD /* icon-76@2x.png */; };
		D0ABD10D1D4C022A00002FAD /* icon-small.png in Resources */ = {isa = PBXBuildFile; fileRef = D0ABD0F01D4C022900002FAD /* icon-small.png */; };
		D0ABD10E1D4C022A00002FAD /* icon-small@2x.png in Resources */ = {isa = PBXBuildFile; fileRef = D0ABD0F11D4C022900002FAD /* icon-small@2x.png */; };
		D0ABD10F1D4C022A00002FAD /* icon-small@3x.png in Resources */ = {isa = PBXBuildFile; fileRef = D0ABD0F21D4C022900002FAD /* icon-small@3x.png */; };
		D0ABD1101D4C022A00002FAD /* icon.png in Resources */ = {isa = PBXBuildFile; fileRef = D0ABD0F31D4C022900002FAD /* icon.png */; };
		D0ABD1111D4C022A00002FAD /* icon@2x.png in Resources */ = {isa = PBXBuildFile; fileRef = D0ABD0F41D4C022900002FAD /* icon@2x.png */; };
		D0ABD1121D4C022A00002FAD /* Contents.json in Resources */ = {isa = PBXBuildFile; fileRef = D0ABD0F51D4C022900002FAD /* Contents.json */; };
		D0ABD1131D4C022A00002FAD /* LaunchImage.launchimage in Resources */ = {isa = PBXBuildFile; fileRef = D0ABD0F61D4C022900002FAD /* LaunchImage.launchimage */; };
		D0ABD1141D4C022A00002FAD /* Default-667h.png in Resources */ = {isa = PBXBuildFile; fileRef = D0ABD0F71D4C022900002FAD /* Default-667h.png */; };
		D0ABD1151D4C022A00002FAD /* Default-736h.png in Resources */ = {isa = PBXBuildFile; fileRef = D0ABD0F81D4C022900002FAD /* Default-736h.png */; };
		D0ABD1161D4C022A00002FAD /* Default-Landscape-736h.png in Resources */ = {isa = PBXBuildFile; fileRef = D0ABD0F91D4C022900002FAD /* Default-Landscape-736h.png */; };
		D0ABD1171D4C022A00002FAD /* Default-568h@2x~iphone.png in Resources */ = {isa = PBXBuildFile; fileRef = D0ABD0FA1D4C022900002FAD /* Default-568h@2x~iphone.png */; };
		D0ABD1181D4C022A00002FAD /* Default-Landscape@2x~ipad.png in Resources */ = {isa = PBXBuildFile; fileRef = D0ABD0FB1D4C022900002FAD /* Default-Landscape@2x~ipad.png */; };
		D0ABD1191D4C022A00002FAD /* Default-Landscape~ipad.png in Resources */ = {isa = PBXBuildFile; fileRef = D0ABD0FC1D4C022900002FAD /* Default-Landscape~ipad.png */; };
		D0ABD11A1D4C022A00002FAD /* Default-Portrait@2x~ipad.png in Resources */ = {isa = PBXBuildFile; fileRef = D0ABD0FD1D4C022900002FAD /* Default-Portrait@2x~ipad.png */; };
		D0ABD11B1D4C022A00002FAD /* Default-Portrait~ipad.png in Resources */ = {isa = PBXBuildFile; fileRef = D0ABD0FE1D4C022900002FAD /* Default-Portrait~ipad.png */; };
		D0ABD11C1D4C022A00002FAD /* Default@2x~iphone.png in Resources */ = {isa = PBXBuildFile; fileRef = D0ABD0FF1D4C022A00002FAD /* Default@2x~iphone.png */; };
		D0ABD11D1D4C022A00002FAD /* Default~iphone.png in Resources */ = {isa = PBXBuildFile; fileRef = D0ABD1001D4C022A00002FAD /* Default~iphone.png */; };
		D0ABD11E1D4C022A00002FAD /* Contents.json in Resources */ = {isa = PBXBuildFile; fileRef = D0ABD1011D4C022A00002FAD /* Contents.json */; };
		D6AF24951A9841EEA7A46C54 /* CDVJpegHeaderWriter.m in Sources */ = {isa = PBXBuildFile; fileRef = 4838963AD9E043B4B59DB2AB /* CDVJpegHeaderWriter.m */; };
		EB379B935AEA455FB39F409C /* ImageIO.framework in Frameworks */ = {isa = PBXBuildFile; fileRef = 3A22276A6B5B496A8A2D2C33 /* ImageIO.framework */; settings = {ATTRIBUTES = (Weak, ); }; };
/* End PBXBuildFile section */

/* Begin PBXContainerItemProxy section */
		301BF534109A57CC0062928A /* PBXContainerItemProxy */ = {
			isa = PBXContainerItemProxy;
			containerPortal = 301BF52D109A57CC0062928A /* CordovaLib.xcodeproj */;
			proxyType = 2;
			remoteGlobalIDString = D2AAC07E0554694100DB518D;
			remoteInfo = CordovaLib;
		};
		301BF550109A68C00062928A /* PBXContainerItemProxy */ = {
			isa = PBXContainerItemProxy;
			containerPortal = 301BF52D109A57CC0062928A /* CordovaLib.xcodeproj */;
			proxyType = 1;
			remoteGlobalIDString = D2AAC07D0554694100DB518D;
			remoteInfo = CordovaLib;
		};
/* End PBXContainerItemProxy section */

/* Begin PBXFileReference section */
		0207DA571B56EA530066E2B4 /* Images.xcassets */ = {isa = PBXFileReference; lastKnownFileType = folder.assetcatalog; name = Images.xcassets; path = SAESA/Images.xcassets; sourceTree = SOURCE_ROOT; };
		0F19113397074F9CB7B3F3E3 /* CDVCamera.h */ = {isa = PBXFileReference; explicitFileType = undefined; fileEncoding = 4; includeInIndex = 0; lastKnownFileType = sourcecode.c.h; name = CDVCamera.h; path = "cordova-plugin-camera/CDVCamera.h"; sourceTree = "<group>"; };
		1D3623240D0F684500981E51 /* AppDelegate.h */ = {isa = PBXFileReference; fileEncoding = 4; lastKnownFileType = sourcecode.c.h; path = AppDelegate.h; sourceTree = "<group>"; };
		1D3623250D0F684500981E51 /* AppDelegate.m */ = {isa = PBXFileReference; fileEncoding = 4; lastKnownFileType = sourcecode.c.objc; path = AppDelegate.m; sourceTree = "<group>"; };
		1D6058910D05DD3D006BFB54 /* SAESA.app */ = {isa = PBXFileReference; explicitFileType = wrapper.application; includeInIndex = 0; path = SAESA.app; sourceTree = BUILT_PRODUCTS_DIR; };
		232AD3FC0462441D8C8AD1F8 /* UIImage+CropScaleOrientation.h */ = {isa = PBXFileReference; explicitFileType = undefined; fileEncoding = 4; includeInIndex = 0; lastKnownFileType = sourcecode.c.h; name = "UIImage+CropScaleOrientation.h"; path = "cordova-plugin-camera/UIImage+CropScaleOrientation.h"; sourceTree = "<group>"; };
		23CAB25A1C7542B592B07F46 /* CDVInAppBrowser.h */ = {isa = PBXFileReference; explicitFileType = undefined; fileEncoding = 4; includeInIndex = 0; lastKnownFileType = sourcecode.c.h; name = CDVInAppBrowser.h; path = "cordova-plugin-inappbrowser/CDVInAppBrowser.h"; sourceTree = "<group>"; };
		29B97316FDCFA39411CA2CEA /* main.m */ = {isa = PBXFileReference; fileEncoding = 4; lastKnownFileType = sourcecode.c.objc; path = main.m; sourceTree = "<group>"; };
		2AF7606FDB8B4BFF85558CA2 /* AVFoundation.framework */ = {isa = PBXFileReference; explicitFileType = undefined; fileEncoding = 9; includeInIndex = 0; lastKnownFileType = wrapper.framework; name = AVFoundation.framework; path = System/Library/Frameworks/AVFoundation.framework; sourceTree = SDKROOT; };
		301BF52D109A57CC0062928A /* CordovaLib.xcodeproj */ = {isa = PBXFileReference; lastKnownFileType = "wrapper.pb-project"; name = CordovaLib.xcodeproj; path = CordovaLib/CordovaLib.xcodeproj; sourceTree = "<group>"; };
		301BF56E109A69640062928A /* www */ = {isa = PBXFileReference; lastKnownFileType = folder; path = www; sourceTree = SOURCE_ROOT; };
		302D95EE14D2391D003F00A1 /* MainViewController.h */ = {isa = PBXFileReference; fileEncoding = 4; lastKnownFileType = sourcecode.c.h; path = MainViewController.h; sourceTree = "<group>"; };
		302D95EF14D2391D003F00A1 /* MainViewController.m */ = {isa = PBXFileReference; fileEncoding = 4; lastKnownFileType = sourcecode.c.objc; path = MainViewController.m; sourceTree = "<group>"; };
		302D95F014D2391D003F00A1 /* MainViewController.xib */ = {isa = PBXFileReference; fileEncoding = 4; lastKnownFileType = file.xib; path = MainViewController.xib; sourceTree = "<group>"; };
		3047A50F1AB8059700498E2A /* build-debug.xcconfig */ = {isa = PBXFileReference; fileEncoding = 4; lastKnownFileType = text.xcconfig; name = "build-debug.xcconfig"; path = "cordova/build-debug.xcconfig"; sourceTree = SOURCE_ROOT; };
		3047A5101AB8059700498E2A /* build-release.xcconfig */ = {isa = PBXFileReference; fileEncoding = 4; lastKnownFileType = text.xcconfig; name = "build-release.xcconfig"; path = "cordova/build-release.xcconfig"; sourceTree = SOURCE_ROOT; };
		3047A5111AB8059700498E2A /* build.xcconfig */ = {isa = PBXFileReference; fileEncoding = 4; lastKnownFileType = text.xcconfig; name = build.xcconfig; path = cordova/build.xcconfig; sourceTree = SOURCE_ROOT; };
		32CA4F630368D1EE00C91783 /* SAESA-Prefix.pch */ = {isa = PBXFileReference; fileEncoding = 4; lastKnownFileType = sourcecode.c.h; path = "SAESA-Prefix.pch"; sourceTree = "<group>"; };
		337902693CF444B6B30A4EAD /* IonicKeyboard.m */ = {isa = PBXFileReference; explicitFileType = undefined; fileEncoding = 4; includeInIndex = 0; lastKnownFileType = sourcecode.c.objc; name = IonicKeyboard.m; path = "ionic-plugin-keyboard/IonicKeyboard.m"; sourceTree = "<group>"; };
		3A22276A6B5B496A8A2D2C33 /* ImageIO.framework */ = {isa = PBXFileReference; explicitFileType = undefined; fileEncoding = 9; includeInIndex = 0; lastKnownFileType = wrapper.framework; name = ImageIO.framework; path = System/Library/Frameworks/ImageIO.framework; sourceTree = SDKROOT; };
		4838963AD9E043B4B59DB2AB /* CDVJpegHeaderWriter.m */ = {isa = PBXFileReference; explicitFileType = undefined; fileEncoding = 4; includeInIndex = 0; lastKnownFileType = sourcecode.c.objc; name = CDVJpegHeaderWriter.m; path = "cordova-plugin-camera/CDVJpegHeaderWriter.m"; sourceTree = "<group>"; };
		553CC10E0BF34E47934F2D98 /* CDVInAppBrowser.m */ = {isa = PBXFileReference; explicitFileType = undefined; fileEncoding = 4; includeInIndex = 0; lastKnownFileType = sourcecode.c.objc; name = CDVInAppBrowser.m; path = "cordova-plugin-inappbrowser/CDVInAppBrowser.m"; sourceTree = "<group>"; };
		5EEF8BD784064DA3B5C2D0EE /* CDVCamera.m */ = {isa = PBXFileReference; explicitFileType = undefined; fileEncoding = 4; includeInIndex = 0; lastKnownFileType = sourcecode.c.objc; name = CDVCamera.m; path = "cordova-plugin-camera/CDVCamera.m"; sourceTree = "<group>"; };
		77E28C5BDA32403CB498B26E /* CDVExif.h */ = {isa = PBXFileReference; explicitFileType = undefined; fileEncoding = 4; includeInIndex = 0; lastKnownFileType = sourcecode.c.h; name = CDVExif.h; path = "cordova-plugin-camera/CDVExif.h"; sourceTree = "<group>"; };
		823B3F6B288E4632B31B4D2B /* IonicKeyboard.h */ = {isa = PBXFileReference; explicitFileType = undefined; fileEncoding = 4; includeInIndex = 0; lastKnownFileType = sourcecode.c.h; name = IonicKeyboard.h; path = "ionic-plugin-keyboard/IonicKeyboard.h"; sourceTree = "<group>"; };
		8D1107310486CEB800E47090 /* SAESA-Info.plist */ = {isa = PBXFileReference; fileEncoding = 4; lastKnownFileType = text.plist.xml; name = "SAESA-Info.plist"; path = "SAESA/SAESA-Info.plist"; plistStructureDefinitionIdentifier = "com.apple.xcode.plist.structure-definition.iphone.info-plist"; sourceTree = SOURCE_ROOT; };
		D0ABD0E51D4C022900002FAD /* icon-40.png */ = {isa = PBXFileReference; lastKnownFileType = image.png; name = "icon-40.png"; path = "SAESA/Images.xcassets/AppIcon.appiconset/icon-40.png"; sourceTree = "<group>"; };
		D0ABD0E61D4C022900002FAD /* icon-40@2x.png */ = {isa = PBXFileReference; lastKnownFileType = image.png; name = "icon-40@2x.png"; path = "SAESA/Images.xcassets/AppIcon.appiconset/icon-40@2x.png"; sourceTree = "<group>"; };
		D0ABD0E71D4C022900002FAD /* icon-50.png */ = {isa = PBXFileReference; lastKnownFileType = image.png; name = "icon-50.png"; path = "SAESA/Images.xcassets/AppIcon.appiconset/icon-50.png"; sourceTree = "<group>"; };
		D0ABD0E81D4C022900002FAD /* icon-50@2x.png */ = {isa = PBXFileReference; lastKnownFileType = image.png; name = "icon-50@2x.png"; path = "SAESA/Images.xcassets/AppIcon.appiconset/icon-50@2x.png"; sourceTree = "<group>"; };
		D0ABD0E91D4C022900002FAD /* icon-60.png */ = {isa = PBXFileReference; lastKnownFileType = image.png; name = "icon-60.png"; path = "SAESA/Images.xcassets/AppIcon.appiconset/icon-60.png"; sourceTree = "<group>"; };
		D0ABD0EA1D4C022900002FAD /* icon-60@2x.png */ = {isa = PBXFileReference; lastKnownFileType = image.png; name = "icon-60@2x.png"; path = "SAESA/Images.xcassets/AppIcon.appiconset/icon-60@2x.png"; sourceTree = "<group>"; };
		D0ABD0EB1D4C022900002FAD /* icon-60@3x.png */ = {isa = PBXFileReference; lastKnownFileType = image.png; name = "icon-60@3x.png"; path = "SAESA/Images.xcassets/AppIcon.appiconset/icon-60@3x.png"; sourceTree = "<group>"; };
		D0ABD0EC1D4C022900002FAD /* icon-72.png */ = {isa = PBXFileReference; lastKnownFileType = image.png; name = "icon-72.png"; path = "SAESA/Images.xcassets/AppIcon.appiconset/icon-72.png"; sourceTree = "<group>"; };
		D0ABD0ED1D4C022900002FAD /* icon-72@2x.png */ = {isa = PBXFileReference; lastKnownFileType = image.png; name = "icon-72@2x.png"; path = "SAESA/Images.xcassets/AppIcon.appiconset/icon-72@2x.png"; sourceTree = "<group>"; };
		D0ABD0EE1D4C022900002FAD /* icon-76.png */ = {isa = PBXFileReference; lastKnownFileType = image.png; name = "icon-76.png"; path = "SAESA/Images.xcassets/AppIcon.appiconset/icon-76.png"; sourceTree = "<group>"; };
		D0ABD0EF1D4C022900002FAD /* icon-76@2x.png */ = {isa = PBXFileReference; lastKnownFileType = image.png; name = "icon-76@2x.png"; path = "SAESA/Images.xcassets/AppIcon.appiconset/icon-76@2x.png"; sourceTree = "<group>"; };
		D0ABD0F01D4C022900002FAD /* icon-small.png */ = {isa = PBXFileReference; lastKnownFileType = image.png; name = "icon-small.png"; path = "SAESA/Images.xcassets/AppIcon.appiconset/icon-small.png"; sourceTree = "<group>"; };
		D0ABD0F11D4C022900002FAD /* icon-small@2x.png */ = {isa = PBXFileReference; lastKnownFileType = image.png; name = "icon-small@2x.png"; path = "SAESA/Images.xcassets/AppIcon.appiconset/icon-small@2x.png"; sourceTree = "<group>"; };
		D0ABD0F21D4C022900002FAD /* icon-small@3x.png */ = {isa = PBXFileReference; lastKnownFileType = image.png; name = "icon-small@3x.png"; path = "SAESA/Images.xcassets/AppIcon.appiconset/icon-small@3x.png"; sourceTree = "<group>"; };
		D0ABD0F31D4C022900002FAD /* icon.png */ = {isa = PBXFileReference; lastKnownFileType = image.png; name = icon.png; path = SAESA/Images.xcassets/AppIcon.appiconset/icon.png; sourceTree = "<group>"; };
		D0ABD0F41D4C022900002FAD /* icon@2x.png */ = {isa = PBXFileReference; lastKnownFileType = image.png; name = "icon@2x.png"; path = "SAESA/Images.xcassets/AppIcon.appiconset/icon@2x.png"; sourceTree = "<group>"; };
		D0ABD0F51D4C022900002FAD /* Contents.json */ = {isa = PBXFileReference; lastKnownFileType = text.json; name = Contents.json; path = SAESA/Images.xcassets/AppIcon.appiconset/Contents.json; sourceTree = "<group>"; };
		D0ABD0F61D4C022900002FAD /* LaunchImage.launchimage */ = {isa = PBXFileReference; lastKnownFileType = folder; name = LaunchImage.launchimage; path = SAESA/Images.xcassets/LaunchImage.launchimage; sourceTree = "<group>"; };
		D0ABD0F71D4C022900002FAD /* Default-667h.png */ = {isa = PBXFileReference; lastKnownFileType = image.png; name = "Default-667h.png"; path = "SAESA/Images.xcassets/LaunchImage.launchimage/Default-667h.png"; sourceTree = "<group>"; };
		D0ABD0F81D4C022900002FAD /* Default-736h.png */ = {isa = PBXFileReference; lastKnownFileType = image.png; name = "Default-736h.png"; path = "SAESA/Images.xcassets/LaunchImage.launchimage/Default-736h.png"; sourceTree = "<group>"; };
		D0ABD0F91D4C022900002FAD /* Default-Landscape-736h.png */ = {isa = PBXFileReference; lastKnownFileType = image.png; name = "Default-Landscape-736h.png"; path = "SAESA/Images.xcassets/LaunchImage.launchimage/Default-Landscape-736h.png"; sourceTree = "<group>"; };
		D0ABD0FA1D4C022900002FAD /* Default-568h@2x~iphone.png */ = {isa = PBXFileReference; lastKnownFileType = image.png; name = "Default-568h@2x~iphone.png"; path = "SAESA/Images.xcassets/LaunchImage.launchimage/Default-568h@2x~iphone.png"; sourceTree = "<group>"; };
		D0ABD0FB1D4C022900002FAD /* Default-Landscape@2x~ipad.png */ = {isa = PBXFileReference; lastKnownFileType = image.png; name = "Default-Landscape@2x~ipad.png"; path = "SAESA/Images.xcassets/LaunchImage.launchimage/Default-Landscape@2x~ipad.png"; sourceTree = "<group>"; };
		D0ABD0FC1D4C022900002FAD /* Default-Landscape~ipad.png */ = {isa = PBXFileReference; lastKnownFileType = image.png; name = "Default-Landscape~ipad.png"; path = "SAESA/Images.xcassets/LaunchImage.launchimage/Default-Landscape~ipad.png"; sourceTree = "<group>"; };
		D0ABD0FD1D4C022900002FAD /* Default-Portrait@2x~ipad.png */ = {isa = PBXFileReference; lastKnownFileType = image.png; name = "Default-Portrait@2x~ipad.png"; path = "SAESA/Images.xcassets/LaunchImage.launchimage/Default-Portrait@2x~ipad.png"; sourceTree = "<group>"; };
		D0ABD0FE1D4C022900002FAD /* Default-Portrait~ipad.png */ = {isa = PBXFileReference; lastKnownFileType = image.png; name = "Default-Portrait~ipad.png"; path = "SAESA/Images.xcassets/LaunchImage.launchimage/Default-Portrait~ipad.png"; sourceTree = "<group>"; };
		D0ABD0FF1D4C022A00002FAD /* Default@2x~iphone.png */ = {isa = PBXFileReference; lastKnownFileType = image.png; name = "Default@2x~iphone.png"; path = "SAESA/Images.xcassets/LaunchImage.launchimage/Default@2x~iphone.png"; sourceTree = "<group>"; };
		D0ABD1001D4C022A00002FAD /* Default~iphone.png */ = {isa = PBXFileReference; lastKnownFileType = image.png; name = "Default~iphone.png"; path = "SAESA/Images.xcassets/LaunchImage.launchimage/Default~iphone.png"; sourceTree = "<group>"; };
		D0ABD1011D4C022A00002FAD /* Contents.json */ = {isa = PBXFileReference; lastKnownFileType = text.json; name = Contents.json; path = SAESA/Images.xcassets/LaunchImage.launchimage/Contents.json; sourceTree = "<group>"; };
		E66F7107285A4DEBB276ABCD /* CoreLocation.framework */ = {isa = PBXFileReference; explicitFileType = undefined; fileEncoding = 9; includeInIndex = 0; lastKnownFileType = wrapper.framework; name = CoreLocation.framework; path = System/Library/Frameworks/CoreLocation.framework; sourceTree = SDKROOT; };
		EB87FDF31871DA8E0020F90C /* www */ = {isa = PBXFileReference; lastKnownFileType = folder; name = www; path = ../../www; sourceTree = "<group>"; };
		EB87FDF41871DAF40020F90C /* config.xml */ = {isa = PBXFileReference; lastKnownFileType = text.xml; name = config.xml; path = ../../config.xml; sourceTree = "<group>"; };
		ED33DF2A687741AEAF9F8254 /* Bridging-Header.h */ = {isa = PBXFileReference; fileEncoding = 4; lastKnownFileType = sourcecode.c.h; path = "Bridging-Header.h"; sourceTree = "<group>"; };
		F6902738377F4B1B9C565C14 /* CDVJpegHeaderWriter.h */ = {isa = PBXFileReference; explicitFileType = undefined; fileEncoding = 4; includeInIndex = 0; lastKnownFileType = sourcecode.c.h; name = CDVJpegHeaderWriter.h; path = "cordova-plugin-camera/CDVJpegHeaderWriter.h"; sourceTree = "<group>"; };
		F840E1F0165FE0F500CFE078 /* config.xml */ = {isa = PBXFileReference; lastKnownFileType = text.xml; name = config.xml; path = SAESA/config.xml; sourceTree = "<group>"; };
		FEF0D6E3EC6449DAB49BE3A5 /* UIImage+CropScaleOrientation.m */ = {isa = PBXFileReference; explicitFileType = undefined; fileEncoding = 4; includeInIndex = 0; lastKnownFileType = sourcecode.c.objc; name = "UIImage+CropScaleOrientation.m"; path = "cordova-plugin-camera/UIImage+CropScaleOrientation.m"; sourceTree = "<group>"; };
/* End PBXFileReference section */

/* Begin PBXFrameworksBuildPhase section */
		1D60588F0D05DD3D006BFB54 /* Frameworks */ = {
			isa = PBXFrameworksBuildPhase;
			buildActionMask = 2147483647;
			files = (
				301BF552109A68D80062928A /* libCordova.a in Frameworks */,
				EB379B935AEA455FB39F409C /* ImageIO.framework in Frameworks */,
				3FA835A8BDBE4638B84BB4AE /* CoreLocation.framework in Frameworks */,
				630B9438F01A4CF2BD2FBB74 /* AVFoundation.framework in Frameworks */,
			);
			runOnlyForDeploymentPostprocessing = 0;
		};
/* End PBXFrameworksBuildPhase section */

/* Begin PBXGroup section */
		080E96DDFE201D6D7F000001 /* Classes */ = {
			isa = PBXGroup;
			children = (
				302D95EE14D2391D003F00A1 /* MainViewController.h */,
				302D95EF14D2391D003F00A1 /* MainViewController.m */,
				302D95F014D2391D003F00A1 /* MainViewController.xib */,
				1D3623240D0F684500981E51 /* AppDelegate.h */,
				1D3623250D0F684500981E51 /* AppDelegate.m */,
			);
			name = Classes;
			path = SAESA/Classes;
			sourceTree = SOURCE_ROOT;
		};
		19C28FACFE9D520D11CA2CBB /* Products */ = {
			isa = PBXGroup;
			children = (
				1D6058910D05DD3D006BFB54 /* SAESA.app */,
			);
			name = Products;
			sourceTree = "<group>";
		};
		29B97314FDCFA39411CA2CEA /* CustomTemplate */ = {
			isa = PBXGroup;
			children = (
				D0ABD0E51D4C022900002FAD /* icon-40.png */,
				D0ABD0E61D4C022900002FAD /* icon-40@2x.png */,
				D0ABD0E71D4C022900002FAD /* icon-50.png */,
				D0ABD0E81D4C022900002FAD /* icon-50@2x.png */,
				D0ABD0E91D4C022900002FAD /* icon-60.png */,
				D0ABD0EA1D4C022900002FAD /* icon-60@2x.png */,
				D0ABD0EB1D4C022900002FAD /* icon-60@3x.png */,
				D0ABD0EC1D4C022900002FAD /* icon-72.png */,
				D0ABD0ED1D4C022900002FAD /* icon-72@2x.png */,
				D0ABD0EE1D4C022900002FAD /* icon-76.png */,
				D0ABD0EF1D4C022900002FAD /* icon-76@2x.png */,
				D0ABD0F01D4C022900002FAD /* icon-small.png */,
				D0ABD0F11D4C022900002FAD /* icon-small@2x.png */,
				D0ABD0F21D4C022900002FAD /* icon-small@3x.png */,
				D0ABD0F31D4C022900002FAD /* icon.png */,
				D0ABD0F41D4C022900002FAD /* icon@2x.png */,
				D0ABD0F51D4C022900002FAD /* Contents.json */,
				D0ABD0F61D4C022900002FAD /* LaunchImage.launchimage */,
				D0ABD0F71D4C022900002FAD /* Default-667h.png */,
				D0ABD0F81D4C022900002FAD /* Default-736h.png */,
				D0ABD0F91D4C022900002FAD /* Default-Landscape-736h.png */,
				D0ABD0FA1D4C022900002FAD /* Default-568h@2x~iphone.png */,
				D0ABD0FB1D4C022900002FAD /* Default-Landscape@2x~ipad.png */,
				D0ABD0FC1D4C022900002FAD /* Default-Landscape~ipad.png */,
				D0ABD0FD1D4C022900002FAD /* Default-Portrait@2x~ipad.png */,
				D0ABD0FE1D4C022900002FAD /* Default-Portrait~ipad.png */,
				D0ABD0FF1D4C022A00002FAD /* Default@2x~iphone.png */,
				D0ABD1001D4C022A00002FAD /* Default~iphone.png */,
				D0ABD1011D4C022A00002FAD /* Contents.json */,
				EB87FDF41871DAF40020F90C /* config.xml */,
				EB87FDF31871DA8E0020F90C /* www */,
				EB87FDF11871DA420020F90C /* Staging */,
				301BF52D109A57CC0062928A /* CordovaLib.xcodeproj */,
				080E96DDFE201D6D7F000001 /* Classes */,
				307C750510C5A3420062BCA9 /* Plugins */,
				29B97315FDCFA39411CA2CEA /* Other Sources */,
				29B97317FDCFA39411CA2CEA /* Resources */,
				29B97323FDCFA39411CA2CEA /* Frameworks */,
				19C28FACFE9D520D11CA2CBB /* Products */,
			);
			name = CustomTemplate;
			sourceTree = "<group>";
		};
		29B97315FDCFA39411CA2CEA /* Other Sources */ = {
			isa = PBXGroup;
			children = (
				32CA4F630368D1EE00C91783 /* SAESA-Prefix.pch */,
				29B97316FDCFA39411CA2CEA /* main.m */,
				ED33DF2A687741AEAF9F8254 /* Bridging-Header.h */,
			);
			name = "Other Sources";
			path = SAESA;
			sourceTree = "<group>";
		};
		29B97317FDCFA39411CA2CEA /* Resources */ = {
			isa = PBXGroup;
			children = (
				0207DA571B56EA530066E2B4 /* Images.xcassets */,
				3047A50E1AB8057F00498E2A /* config */,
				8D1107310486CEB800E47090 /* SAESA-Info.plist */,
			);
			name = Resources;
			path = SAESA/Resources;
			sourceTree = "<group>";
		};
		29B97323FDCFA39411CA2CEA /* Frameworks */ = {
			isa = PBXGroup;
			children = (
				3A22276A6B5B496A8A2D2C33 /* ImageIO.framework */,
				E66F7107285A4DEBB276ABCD /* CoreLocation.framework */,
				2AF7606FDB8B4BFF85558CA2 /* AVFoundation.framework */,
			);
			name = Frameworks;
			sourceTree = "<group>";
		};
		301BF52E109A57CC0062928A /* Products */ = {
			isa = PBXGroup;
			children = (
				301BF535109A57CC0062928A /* libCordova.a */,
			);
			name = Products;
			sourceTree = "<group>";
		};
		3047A50E1AB8057F00498E2A /* config */ = {
			isa = PBXGroup;
			children = (
				3047A50F1AB8059700498E2A /* build-debug.xcconfig */,
				3047A5101AB8059700498E2A /* build-release.xcconfig */,
				3047A5111AB8059700498E2A /* build.xcconfig */,
			);
			name = config;
			sourceTree = "<group>";
		};
		307C750510C5A3420062BCA9 /* Plugins */ = {
			isa = PBXGroup;
			children = (
				337902693CF444B6B30A4EAD /* IonicKeyboard.m */,
				823B3F6B288E4632B31B4D2B /* IonicKeyboard.h */,
				FEF0D6E3EC6449DAB49BE3A5 /* UIImage+CropScaleOrientation.m */,
				5EEF8BD784064DA3B5C2D0EE /* CDVCamera.m */,
				4838963AD9E043B4B59DB2AB /* CDVJpegHeaderWriter.m */,
				232AD3FC0462441D8C8AD1F8 /* UIImage+CropScaleOrientation.h */,
				0F19113397074F9CB7B3F3E3 /* CDVCamera.h */,
				F6902738377F4B1B9C565C14 /* CDVJpegHeaderWriter.h */,
				77E28C5BDA32403CB498B26E /* CDVExif.h */,
				553CC10E0BF34E47934F2D98 /* CDVInAppBrowser.m */,
				23CAB25A1C7542B592B07F46 /* CDVInAppBrowser.h */,
			);
			name = Plugins;
			path = SAESA/Plugins;
			sourceTree = SOURCE_ROOT;
		};
		EB87FDF11871DA420020F90C /* Staging */ = {
			isa = PBXGroup;
			children = (
				F840E1F0165FE0F500CFE078 /* config.xml */,
				301BF56E109A69640062928A /* www */,
			);
			name = Staging;
			sourceTree = "<group>";
		};
/* End PBXGroup section */

/* Begin PBXNativeTarget section */
		1D6058900D05DD3D006BFB54 /* SAESA */ = {
			isa = PBXNativeTarget;
			buildConfigurationList = 1D6058960D05DD3E006BFB54 /* Build configuration list for PBXNativeTarget "SAESA" */;
			buildPhases = (
				304B58A110DAC018002A0835 /* Copy www directory */,
				1D60588D0D05DD3D006BFB54 /* Resources */,
				1D60588E0D05DD3D006BFB54 /* Sources */,
				1D60588F0D05DD3D006BFB54 /* Frameworks */,
			);
			buildRules = (
			);
			dependencies = (
				301BF551109A68C00062928A /* PBXTargetDependency */,
			);
			name = SAESA;
			productName = SAESA;
			productReference = 1D6058910D05DD3D006BFB54 /* SAESA.app */;
			productType = "com.apple.product-type.application";
		};
/* End PBXNativeTarget section */

/* Begin PBXProject section */
		29B97313FDCFA39411CA2CEA /* Project object */ = {
			isa = PBXProject;
			attributes = {
				LastUpgradeCheck = 510;
				TargetAttributes = {
					1D6058900D05DD3D006BFB54 = {
						DevelopmentTeam = 5N9H8P5H62;
					};
				};
			};
			buildConfigurationList = C01FCF4E08A954540054247B /* Build configuration list for PBXProject "SAESA" */;
			compatibilityVersion = "Xcode 3.2";
			developmentRegion = English;
			hasScannedForEncodings = 1;
			knownRegions = (
				en,
			);
			mainGroup = 29B97314FDCFA39411CA2CEA /* CustomTemplate */;
			projectDirPath = "";
			projectReferences = (
				{
					ProductGroup = 301BF52E109A57CC0062928A /* Products */;
					ProjectRef = 301BF52D109A57CC0062928A /* CordovaLib.xcodeproj */;
				},
			);
			projectRoot = "";
			targets = (
				1D6058900D05DD3D006BFB54 /* SAESA */,
			);
		};
/* End PBXProject section */

/* Begin PBXReferenceProxy section */
		301BF535109A57CC0062928A /* libCordova.a */ = {
			isa = PBXReferenceProxy;
			fileType = archive.ar;
			path = libCordova.a;
			remoteRef = 301BF534109A57CC0062928A /* PBXContainerItemProxy */;
			sourceTree = BUILT_PRODUCTS_DIR;
		};
/* End PBXReferenceProxy section */

/* Begin PBXResourcesBuildPhase section */
		1D60588D0D05DD3D006BFB54 /* Resources */ = {
			isa = PBXResourcesBuildPhase;
			buildActionMask = 2147483647;
			files = (
				D0ABD1021D4C022A00002FAD /* icon-40.png in Resources */,
				D0ABD1031D4C022A00002FAD /* icon-40@2x.png in Resources */,
				D0ABD1041D4C022A00002FAD /* icon-50.png in Resources */,
				D0ABD1051D4C022A00002FAD /* icon-50@2x.png in Resources */,
				D0ABD1061D4C022A00002FAD /* icon-60.png in Resources */,
				D0ABD1071D4C022A00002FAD /* icon-60@2x.png in Resources */,
				D0ABD1081D4C022A00002FAD /* icon-60@3x.png in Resources */,
				D0ABD1091D4C022A00002FAD /* icon-72.png in Resources */,
				D0ABD10A1D4C022A00002FAD /* icon-72@2x.png in Resources */,
				D0ABD10B1D4C022A00002FAD /* icon-76.png in Resources */,
				D0ABD10C1D4C022A00002FAD /* icon-76@2x.png in Resources */,
				D0ABD10D1D4C022A00002FAD /* icon-small.png in Resources */,
				D0ABD10E1D4C022A00002FAD /* icon-small@2x.png in Resources */,
				D0ABD10F1D4C022A00002FAD /* icon-small@3x.png in Resources */,
				D0ABD1101D4C022A00002FAD /* icon.png in Resources */,
				D0ABD1111D4C022A00002FAD /* icon@2x.png in Resources */,
				D0ABD1121D4C022A00002FAD /* Contents.json in Resources */,
				D0ABD1131D4C022A00002FAD /* LaunchImage.launchimage in Resources */,
				D0ABD1141D4C022A00002FAD /* Default-667h.png in Resources */,
				D0ABD1151D4C022A00002FAD /* Default-736h.png in Resources */,
				D0ABD1161D4C022A00002FAD /* Default-Landscape-736h.png in Resources */,
				D0ABD1171D4C022A00002FAD /* Default-568h@2x~iphone.png in Resources */,
				D0ABD1181D4C022A00002FAD /* Default-Landscape@2x~ipad.png in Resources */,
				D0ABD1191D4C022A00002FAD /* Default-Landscape~ipad.png in Resources */,
				D0ABD11A1D4C022A00002FAD /* Default-Portrait@2x~ipad.png in Resources */,
				D0ABD11B1D4C022A00002FAD /* Default-Portrait~ipad.png in Resources */,
				D0ABD11C1D4C022A00002FAD /* Default@2x~iphone.png in Resources */,
				D0ABD11D1D4C022A00002FAD /* Default~iphone.png in Resources */,
				D0ABD11E1D4C022A00002FAD /* Contents.json in Resources */,
				302D95F214D2391D003F00A1 /* MainViewController.xib in Resources */,
				3047A5131AB8059700498E2A /* build-release.xcconfig in Resources */,
				3047A5141AB8059700498E2A /* build.xcconfig in Resources */,
				0207DA581B56EA530066E2B4 /* Images.xcassets in Resources */,
				3047A5121AB8059700498E2A /* build-debug.xcconfig in Resources */,
			);
			runOnlyForDeploymentPostprocessing = 0;
		};
/* End PBXResourcesBuildPhase section */

/* Begin PBXShellScriptBuildPhase section */
		304B58A110DAC018002A0835 /* Copy www directory */ = {
			isa = PBXShellScriptBuildPhase;
			buildActionMask = 2147483647;
			files = (
			);
			inputPaths = (
			);
			name = "Copy www directory";
			outputPaths = (
			);
			runOnlyForDeploymentPostprocessing = 0;
			shellPath = /bin/sh;
			shellScript = "NODEJS_PATH=/usr/local/bin; NVM_NODE_PATH=~/.nvm/versions/node/`nvm version 2>/dev/null`/bin; N_NODE_PATH=`find /usr/local/n/versions/node/* -maxdepth 0 -type d 2>/dev/null | tail -1`/bin; XCODE_NODE_PATH=`xcode-select --print-path`/usr/share/xcs/Node/bin; PATH=$NODEJS_PATH:$NVM_NODE_PATH:$N_NODE_PATH:$XCODE_NODE_PATH:$PATH && node cordova/lib/copy-www-build-step.js";
			showEnvVarsInLog = 0;
		};
/* End PBXShellScriptBuildPhase section */

/* Begin PBXSourcesBuildPhase section */
		1D60588E0D05DD3D006BFB54 /* Sources */ = {
			isa = PBXSourcesBuildPhase;
			buildActionMask = 2147483647;
			files = (
				1D60589B0D05DD56006BFB54 /* main.m in Sources */,
				1D3623260D0F684500981E51 /* AppDelegate.m in Sources */,
				302D95F114D2391D003F00A1 /* MainViewController.m in Sources */,
				C4F49C4974014123923BCC46 /* IonicKeyboard.m in Sources */,
				C76C0233084E4A769A8A8925 /* UIImage+CropScaleOrientation.m in Sources */,
				54746577948C48728A878E5A /* CDVCamera.m in Sources */,
				D6AF24951A9841EEA7A46C54 /* CDVJpegHeaderWriter.m in Sources */,
				0A8328DDBD254DE78ACC606D /* CDVInAppBrowser.m in Sources */,
			);
			runOnlyForDeploymentPostprocessing = 0;
		};
/* End PBXSourcesBuildPhase section */

/* Begin PBXTargetDependency section */
		301BF551109A68C00062928A /* PBXTargetDependency */ = {
			isa = PBXTargetDependency;
			name = CordovaLib;
			targetProxy = 301BF550109A68C00062928A /* PBXContainerItemProxy */;
		};
/* End PBXTargetDependency section */

/* Begin XCBuildConfiguration section */
		1D6058940D05DD3E006BFB54 /* Debug */ = {
			isa = XCBuildConfiguration;
			baseConfigurationReference = 3047A50F1AB8059700498E2A /* build-debug.xcconfig */;
			buildSettings = {
				ALWAYS_SEARCH_USER_PATHS = NO;
				ASSETCATALOG_COMPILER_APPICON_NAME = AppIcon;
				ASSETCATALOG_COMPILER_LAUNCHIMAGE_NAME = LaunchImage;
				CLANG_ENABLE_MODULES = YES;
				CLANG_ENABLE_OBJC_ARC = YES;
				CODE_SIGN_IDENTITY = "iPhone Developer: Alex Acuna (TBF4PEU86P)";
				COPY_PHASE_STRIP = NO;
				GCC_DYNAMIC_NO_PIC = NO;
				GCC_OPTIMIZATION_LEVEL = 0;
				GCC_PRECOMPILE_PREFIX_HEADER = YES;
				GCC_PREFIX_HEADER = "SAESA/SAESA-Prefix.pch";
				GCC_THUMB_SUPPORT = NO;
				GCC_VERSION = "";
				INFOPLIST_FILE = "SAESA/SAESA-Info.plist";
				LD_RUNPATH_SEARCH_PATHS = "@executable_path/Frameworks";
				PRODUCT_NAME = SAESA;
				TARGETED_DEVICE_FAMILY = 1;
			};
			name = Debug;
		};
		1D6058950D05DD3E006BFB54 /* Release */ = {
			isa = XCBuildConfiguration;
			baseConfigurationReference = 3047A5101AB8059700498E2A /* build-release.xcconfig */;
			buildSettings = {
				ALWAYS_SEARCH_USER_PATHS = NO;
				ASSETCATALOG_COMPILER_APPICON_NAME = AppIcon;
				ASSETCATALOG_COMPILER_LAUNCHIMAGE_NAME = LaunchImage;
				CLANG_ENABLE_MODULES = YES;
				CLANG_ENABLE_OBJC_ARC = YES;
				CODE_SIGN_IDENTITY = "iPhone Distribution: Cellkomm Chile S.A. (5N9H8P5H62)";
				COPY_PHASE_STRIP = YES;
				GCC_PRECOMPILE_PREFIX_HEADER = YES;
				GCC_PREFIX_HEADER = "SAESA/SAESA-Prefix.pch";
				GCC_THUMB_SUPPORT = NO;
				GCC_VERSION = "";
				INFOPLIST_FILE = "SAESA/SAESA-Info.plist";
				PRODUCT_NAME = SAESA;
				TARGETED_DEVICE_FAMILY = 1;
			};
			name = Release;
		};
		C01FCF4F08A954540054247B /* Debug */ = {
			isa = XCBuildConfiguration;
			baseConfigurationReference = 3047A5111AB8059700498E2A /* build.xcconfig */;
			buildSettings = {
				CLANG_ENABLE_MODULES = YES;
				CLANG_ENABLE_OBJC_ARC = YES;
				CLANG_WARN_BOOL_CONVERSION = YES;
				CLANG_WARN_CONSTANT_CONVERSION = YES;
				CLANG_WARN_EMPTY_BODY = YES;
				CLANG_WARN_ENUM_CONVERSION = YES;
				CLANG_WARN_INT_CONVERSION = YES;
				CLANG_WARN__DUPLICATE_METHOD_MATCH = YES;
				GCC_C_LANGUAGE_STANDARD = c99;
				GCC_THUMB_SUPPORT = NO;
				GCC_VERSION = "";
				GCC_WARN_ABOUT_RETURN_TYPE = YES;
				GCC_WARN_UNDECLARED_SELECTOR = YES;
				GCC_WARN_UNINITIALIZED_AUTOS = YES;
				GCC_WARN_UNUSED_FUNCTION = YES;
				GCC_WARN_UNUSED_VARIABLE = YES;
				ONLY_ACTIVE_ARCH = YES;
				PRODUCT_NAME = SAESA;
				SDKROOT = iphoneos;
				SKIP_INSTALL = NO;
			};
			name = Debug;
		};
		C01FCF5008A954540054247B /* Release */ = {
			isa = XCBuildConfiguration;
			baseConfigurationReference = 3047A5111AB8059700498E2A /* build.xcconfig */;
			buildSettings = {
				CLANG_ENABLE_MODULES = YES;
				CLANG_ENABLE_OBJC_ARC = YES;
				CLANG_WARN_BOOL_CONVERSION = YES;
				CLANG_WARN_CONSTANT_CONVERSION = YES;
				CLANG_WARN_EMPTY_BODY = YES;
				CLANG_WARN_ENUM_CONVERSION = YES;
				CLANG_WARN_INT_CONVERSION = YES;
				CLANG_WARN__DUPLICATE_METHOD_MATCH = YES;
				GCC_C_LANGUAGE_STANDARD = c99;
				GCC_THUMB_SUPPORT = NO;
				GCC_VERSION = "";
				GCC_WARN_ABOUT_RETURN_TYPE = YES;
				GCC_WARN_UNDECLARED_SELECTOR = YES;
				GCC_WARN_UNINITIALIZED_AUTOS = YES;
				GCC_WARN_UNUSED_FUNCTION = YES;
				GCC_WARN_UNUSED_VARIABLE = YES;
				PRODUCT_NAME = SAESA;
				SDKROOT = iphoneos;
				SKIP_INSTALL = NO;
			};
			name = Release;
		};
/* End XCBuildConfiguration section */

/* Begin XCConfigurationList section */
		1D6058960D05DD3E006BFB54 /* Build configuration list for PBXNativeTarget "SAESA" */ = {
			isa = XCConfigurationList;
			buildConfigurations = (
				1D6058940D05DD3E006BFB54 /* Debug */,
				1D6058950D05DD3E006BFB54 /* Release */,
			);
			defaultConfigurationIsVisible = 0;
			defaultConfigurationName = Release;
		};
		C01FCF4E08A954540054247B /* Build configuration list for PBXProject "SAESA" */ = {
			isa = XCConfigurationList;
			buildConfigurations = (
				C01FCF4F08A954540054247B /* Debug */,
				C01FCF5008A954540054247B /* Release */,
			);
			defaultConfigurationIsVisible = 0;
			defaultConfigurationName = Release;
		};
/* End XCConfigurationList section */
	};
	rootObject = 29B97313FDCFA39411CA2CEA /* Project object */;
}
